
Microsoft Visual Studio Solution File, Format Version 12.00
# Visual Studio Version 17
VisualStudioVersion = 17.8.34309.116
MinimumVisualStudioVersion = 10.0.40219.1
Project("{FAE04EC0-301F-11D3-BF4B-00C04F79EFBC}") = "APIMinima", "APIMinima\APIMinima.csproj", "{0F5062D7-550E-444E-B488-B640C5023326}"
EndProject
Global
	GlobalSection(SolutionConfigurationPlatforms) = preSolution
		Debug|Any CPU = Debug|Any CPU
		Release|Any CPU = Release|Any CPU
	EndGlobalSection
	GlobalSection(ProjectConfigurationPlatforms) = postSolution
		{0F5062D7-550E-444E-B488-B640C5023326}.Debug|Any CPU.ActiveCfg = Debug|Any CPU
		{0F5062D7-550E-444E-B488-B640C5023326}.Debug|Any CPU.Build.0 = Debug|Any CPU
		{0F5062D7-550E-444E-B488-B640C5023326}.Release|Any CPU.ActiveCfg = Release|Any CPU
		{0F5062D7-550E-444E-B488-B640C5023326}.Release|Any CPU.Build.0 = Release|Any CPU
	EndGlobalSection
	GlobalSection(SolutionProperties) = preSolution
		HideSolutionNode = FALSE
	EndGlobalSection
	GlobalSection(ExtensibilityGlobals) = postSolution
		SolutionGuid = {E978412B-6F74-4D5E-81D0-3737FFC8D18C}
	EndGlobalSection
EndGlobal
